
Microsoft Visual Studio Solution File, Format Version 12.00
# Visual Studio Version 16
VisualStudioVersion = 16.0.30804.86
MinimumVisualStudioVersion = 10.0.40219.1
Project("{8BC9CEB8-8B4A-11D0-8D11-00A0C91BC942}") = "LinuxUdpClient", "LinuxUdpClient\LinuxUdpClient.vcxproj", "{2CDF7C1B-658D-4BD7-8F6A-E1EC1B7073DF}"
EndProject
Global
	GlobalSection(SolutionConfigurationPlatforms) = preSolution
		Debug|ARM = Debug|ARM
		Debug|ARM64 = Debug|ARM64
		Debug|x64 = Debug|x64
		Debug|x86 = Debug|x86
		Release|ARM = Release|ARM
		Release|ARM64 = Release|ARM64
		Release|x64 = Release|x64
		Release|x86 = Release|x86
	EndGlobalSection
	GlobalSection(ProjectConfigurationPlatforms) = postSolution
		{2CDF7C1B-658D-4BD7-8F6A-E1EC1B7073DF}.Debug|ARM.ActiveCfg = Debug|ARM
		{2CDF7C1B-658D-4BD7-8F6A-E1EC1B7073DF}.Debug|ARM.Build.0 = Debug|ARM
		{2CDF7C1B-658D-4BD7-8F6A-E1EC1B7073DF}.Debug|ARM.Deploy.0 = Debug|ARM
		{2CDF7C1B-658D-4BD7-8F6A-E1EC1B7073DF}.Debug|ARM64.ActiveCfg = Debug|ARM64
		{2CDF7C1B-658D-4BD7-8F6A-E1EC1B7073DF}.Debug|ARM64.Build.0 = Debug|ARM64
		{2CDF7C1B-658D-4BD7-8F6A-E1EC1B7073DF}.Debug|ARM64.Deploy.0 = Debug|ARM64
		{2CDF7C1B-658D-4BD7-8F6A-E1EC1B7073DF}.Debug|x64.ActiveCfg = Debug|x64
		{2CDF7C1B-658D-4BD7-8F6A-E1EC1B7073DF}.Debug|x64.Build.0 = Debug|x64
		{2CDF7C1B-658D-4BD7-8F6A-E1EC1B7073DF}.Debug|x64.Deploy.0 = Debug|x64
		{2CDF7C1B-658D-4BD7-8F6A-E1EC1B7073DF}.Debug|x86.ActiveCfg = Debug|x86
		{2CDF7C1B-658D-4BD7-8F6A-E1EC1B7073DF}.Debug|x86.Build.0 = Debug|x86
		{2CDF7C1B-658D-4BD7-8F6A-E1EC1B7073DF}.Debug|x86.Deploy.0 = Debug|x86
		{2CDF7C1B-658D-4BD7-8F6A-E1EC1B7073DF}.Release|ARM.ActiveCfg = Release|ARM
		{2CDF7C1B-658D-4BD7-8F6A-E1EC1B7073DF}.Release|ARM.Build.0 = Release|ARM
		{2CDF7C1B-658D-4BD7-8F6A-E1EC1B7073DF}.Release|ARM.Deploy.0 = Release|ARM
		{2CDF7C1B-658D-4BD7-8F6A-E1EC1B7073DF}.Release|ARM64.ActiveCfg = Release|ARM64
		{2CDF7C1B-658D-4BD7-8F6A-E1EC1B7073DF}.Release|ARM64.Build.0 = Release|ARM64
		{2CDF7C1B-658D-4BD7-8F6A-E1EC1B7073DF}.Release|ARM64.Deploy.0 = Release|ARM64
		{2CDF7C1B-658D-4BD7-8F6A-E1EC1B7073DF}.Release|x64.ActiveCfg = Release|x64
		{2CDF7C1B-658D-4BD7-8F6A-E1EC1B7073DF}.Release|x64.Build.0 = Release|x64
		{2CDF7C1B-658D-4BD7-8F6A-E1EC1B7073DF}.Release|x64.Deploy.0 = Release|x64
		{2CDF7C1B-658D-4BD7-8F6A-E1EC1B7073DF}.Release|x86.ActiveCfg = Release|x86
		{2CDF7C1B-658D-4BD7-8F6A-E1EC1B7073DF}.Release|x86.Build.0 = Release|x86
		{2CDF7C1B-658D-4BD7-8F6A-E1EC1B7073DF}.Release|x86.Deploy.0 = Release|x86
	EndGlobalSection
	GlobalSection(SolutionProperties) = preSolution
		HideSolutionNode = FALSE
	EndGlobalSection
	GlobalSection(ExtensibilityGlobals) = postSolution
		SolutionGuid = {672A3DD2-770D-4662-BE35-45FA2D0165A3}
	EndGlobalSection
EndGlobal
